
Microsoft Visual Studio Solution File, Format Version 12.00
# Visual Studio 2013
VisualStudioVersion = 12.0.31101.0
MinimumVisualStudioVersion = 10.0.40219.1
Project("{FAE04EC0-301F-11D3-BF4B-00C04F79EFBC}") = "ConsoleSerialPortReader", "ConsoleSerialPortReader\ConsoleSerialPortReader.csproj", "{D3453A40-3120-486D-BDC8-413D37D02E57}"
EndProject
Project("{FAE04EC0-301F-11D3-BF4B-00C04F79EFBC}") = "Hardware", "Hardware\Hardware.csproj", "{D42163AE-9EA0-44A6-92B0-4E914959DE6B}"
EndProject
Project("{FAE04EC0-301F-11D3-BF4B-00C04F79EFBC}") = "Core", "Core\Core.csproj", "{651E9484-AE52-4BF0-993E-0E2E6DBD69D8}"
EndProject
Project("{FAE04EC0-301F-11D3-BF4B-00C04F79EFBC}") = "SwitchBox", "SwitchBox\SwitchBox.csproj", "{1F31756A-92B8-403D-B6B6-850BEBD1C83A}"
EndProject
Project("{FAE04EC0-301F-11D3-BF4B-00C04F79EFBC}") = "Switcher", "Switcher\Switcher.csproj", "{903F0E35-7DFC-433E-8D59-216C84024689}"
EndProject
Project("{FAE04EC0-301F-11D3-BF4B-00C04F79EFBC}") = "PressTo", "PressTo\SmartClient-xaml\PressTo.csproj", "{2EBF46CB-FFB7-49DF-B33D-068E0C46951E}"
EndProject
Global
	GlobalSection(SolutionConfigurationPlatforms) = preSolution
		Debug|Any CPU = Debug|Any CPU
		Release|Any CPU = Release|Any CPU
	EndGlobalSection
	GlobalSection(ProjectConfigurationPlatforms) = postSolution
		{D3453A40-3120-486D-BDC8-413D37D02E57}.Debug|Any CPU.ActiveCfg = Debug|Any CPU
		{D3453A40-3120-486D-BDC8-413D37D02E57}.Debug|Any CPU.Build.0 = Debug|Any CPU
		{D3453A40-3120-486D-BDC8-413D37D02E57}.Release|Any CPU.ActiveCfg = Release|Any CPU
		{D3453A40-3120-486D-BDC8-413D37D02E57}.Release|Any CPU.Build.0 = Release|Any CPU
		{D42163AE-9EA0-44A6-92B0-4E914959DE6B}.Debug|Any CPU.ActiveCfg = Debug|Any CPU
		{D42163AE-9EA0-44A6-92B0-4E914959DE6B}.Debug|Any CPU.Build.0 = Debug|Any CPU
		{D42163AE-9EA0-44A6-92B0-4E914959DE6B}.Release|Any CPU.ActiveCfg = Release|Any CPU
		{D42163AE-9EA0-44A6-92B0-4E914959DE6B}.Release|Any CPU.Build.0 = Release|Any CPU
		{651E9484-AE52-4BF0-993E-0E2E6DBD69D8}.Debug|Any CPU.ActiveCfg = Debug|Any CPU
		{651E9484-AE52-4BF0-993E-0E2E6DBD69D8}.Debug|Any CPU.Build.0 = Debug|Any CPU
		{651E9484-AE52-4BF0-993E-0E2E6DBD69D8}.Release|Any CPU.ActiveCfg = Release|Any CPU
		{651E9484-AE52-4BF0-993E-0E2E6DBD69D8}.Release|Any CPU.Build.0 = Release|Any CPU
		{1F31756A-92B8-403D-B6B6-850BEBD1C83A}.Debug|Any CPU.ActiveCfg = Debug|Any CPU
		{1F31756A-92B8-403D-B6B6-850BEBD1C83A}.Debug|Any CPU.Build.0 = Debug|Any CPU
		{1F31756A-92B8-403D-B6B6-850BEBD1C83A}.Release|Any CPU.ActiveCfg = Release|Any CPU
		{1F31756A-92B8-403D-B6B6-850BEBD1C83A}.Release|Any CPU.Build.0 = Release|Any CPU
		{903F0E35-7DFC-433E-8D59-216C84024689}.Debug|Any CPU.ActiveCfg = Debug|Any CPU
		{903F0E35-7DFC-433E-8D59-216C84024689}.Debug|Any CPU.Build.0 = Debug|Any CPU
		{903F0E35-7DFC-433E-8D59-216C84024689}.Release|Any CPU.ActiveCfg = Release|Any CPU
		{903F0E35-7DFC-433E-8D59-216C84024689}.Release|Any CPU.Build.0 = Release|Any CPU
		{2EBF46CB-FFB7-49DF-B33D-068E0C46951E}.Debug|Any CPU.ActiveCfg = Debug|Any CPU
		{2EBF46CB-FFB7-49DF-B33D-068E0C46951E}.Debug|Any CPU.Build.0 = Debug|Any CPU
		{2EBF46CB-FFB7-49DF-B33D-068E0C46951E}.Release|Any CPU.ActiveCfg = Release|Any CPU
		{2EBF46CB-FFB7-49DF-B33D-068E0C46951E}.Release|Any CPU.Build.0 = Release|Any CPU
	EndGlobalSection
	GlobalSection(SolutionProperties) = preSolution
		HideSolutionNode = FALSE
	EndGlobalSection
EndGlobal
